# This file is autogenerated, do not edit; changes may be undone by the next 'dep ensure'.


[[projects]]
  branch = "master"
  name = "github.com/kardianos/osext"
  packages = ["."]
  revision = "ae77be60afb1dcacde03767a8c37337fad28ac14"

[[projects]]
  name = "github.com/pkg/errors"
  packages = ["."]
  revision = "645ef00459ed84a119197bfb8d8205042c6df63d"
  version = "v0.8.0"

[[projects]]
  name = "github.com/sevlyar/go-daemon"
  packages = ["."]
  revision = "e49ef56654f54139c4dc0285f973f74e9649e729"
  version = "v0.1.2"

[[projects]]
  branch = "master"
  name = "github.com/zero-os/gonbdserver"
  packages = ["nbd"]
  revision = "45611b3e3ae8a3521c2dfa949a4872180522b082"

[[projects]]
  branch = "v2"
  name = "gopkg.in/yaml.v2"
  packages = ["."]
  revision = "d670f9405373e636a5a2765eea47fac0c9bc91a4"

[solve-meta]
  analyzer-name = "dep"
  analyzer-version = 1
  inputs-digest = "e2c6634c863863950980da7503c72c4bdca4d38afaf8107e7ba8991b3783db95"
  solver-name = "gps-cdcl"
  solver-version = 1
